
Microsoft Visual Studio Solution File, Format Version 12.00
# Visual Studio for Mac
Project("{FAE04EC0-301F-11D3-BF4B-00C04F79EFBC}") = "Assembly-CSharp", "Assembly-CSharp.csproj", "{60942A5D-093A-93CC-E298-9AAFF4336EAD}"
EndProject
Project("{FAE04EC0-301F-11D3-BF4B-00C04F79EFBC}") = "PhotonUnityNetworking.Utilities", "PhotonUnityNetworking.Utilities.csproj", "{00612483-04A7-4DD8-60E2-886614AA5695}"
EndProject
Project("{FAE04EC0-301F-11D3-BF4B-00C04F79EFBC}") = "PhotonUnityNetworking", "PhotonUnityNetworking.csproj", "{97B6A216-A7F8-EE5B-F229-1FA8148AF875}"
EndProject
Project("{FAE04EC0-301F-11D3-BF4B-00C04F79EFBC}") = "PhotonRealtime", "PhotonRealtime.csproj", "{50776908-01E3-9A11-238D-AF367FB66C9B}"
EndProject
Project("{FAE04EC0-301F-11D3-BF4B-00C04F79EFBC}") = "PhotonWebSocket", "PhotonWebSocket.csproj", "{228108A9-9DB0-23BB-88F6-EC5D22AEEA64}"
EndProject
Project("{FAE04EC0-301F-11D3-BF4B-00C04F79EFBC}") = "PhotonUnityNetworking.Editor", "PhotonUnityNetworking.Editor.csproj", "{A3329D9A-E54D-7F61-2984-A7F2FD96FC4B}"
EndProject
Project("{FAE04EC0-301F-11D3-BF4B-00C04F79EFBC}") = "PhotonUnityNetworking.Utilities.PhotonPlayer.Editor", "PhotonUnityNetworking.Utilities.PhotonPlayer.Editor.csproj", "{751A8551-90FB-B4A2-70CF-4925CA78BA45}"
EndProject
Project("{FAE04EC0-301F-11D3-BF4B-00C04F79EFBC}") = "PhotonUnityNetworking.Utilities.Culling.Editor", "PhotonUnityNetworking.Utilities.Culling.Editor.csproj", "{A508F616-A6F0-32D7-D059-31A43252222F}"
EndProject
Global
	GlobalSection(SolutionConfigurationPlatforms) = preSolution
		Debug|Any CPU = Debug|Any CPU
		Release|Any CPU = Release|Any CPU
	EndGlobalSection
	GlobalSection(ProjectConfigurationPlatforms) = postSolution
		{60942A5D-093A-93CC-E298-9AAFF4336EAD}.Debug|Any CPU.ActiveCfg = Debug|Any CPU
		{60942A5D-093A-93CC-E298-9AAFF4336EAD}.Debug|Any CPU.Build.0 = Debug|Any CPU
		{60942A5D-093A-93CC-E298-9AAFF4336EAD}.Release|Any CPU.ActiveCfg = Release|Any CPU
		{60942A5D-093A-93CC-E298-9AAFF4336EAD}.Release|Any CPU.Build.0 = Release|Any CPU
		{00612483-04A7-4DD8-60E2-886614AA5695}.Debug|Any CPU.ActiveCfg = Debug|Any CPU
		{00612483-04A7-4DD8-60E2-886614AA5695}.Debug|Any CPU.Build.0 = Debug|Any CPU
		{00612483-04A7-4DD8-60E2-886614AA5695}.Release|Any CPU.ActiveCfg = Release|Any CPU
		{00612483-04A7-4DD8-60E2-886614AA5695}.Release|Any CPU.Build.0 = Release|Any CPU
		{97B6A216-A7F8-EE5B-F229-1FA8148AF875}.Debug|Any CPU.ActiveCfg = Debug|Any CPU
		{97B6A216-A7F8-EE5B-F229-1FA8148AF875}.Debug|Any CPU.Build.0 = Debug|Any CPU
		{97B6A216-A7F8-EE5B-F229-1FA8148AF875}.Release|Any CPU.ActiveCfg = Release|Any CPU
		{97B6A216-A7F8-EE5B-F229-1FA8148AF875}.Release|Any CPU.Build.0 = Release|Any CPU
		{50776908-01E3-9A11-238D-AF367FB66C9B}.Debug|Any CPU.ActiveCfg = Debug|Any CPU
		{50776908-01E3-9A11-238D-AF367FB66C9B}.Debug|Any CPU.Build.0 = Debug|Any CPU
		{50776908-01E3-9A11-238D-AF367FB66C9B}.Release|Any CPU.ActiveCfg = Release|Any CPU
		{50776908-01E3-9A11-238D-AF367FB66C9B}.Release|Any CPU.Build.0 = Release|Any CPU
		{228108A9-9DB0-23BB-88F6-EC5D22AEEA64}.Debug|Any CPU.ActiveCfg = Debug|Any CPU
		{228108A9-9DB0-23BB-88F6-EC5D22AEEA64}.Debug|Any CPU.Build.0 = Debug|Any CPU
		{228108A9-9DB0-23BB-88F6-EC5D22AEEA64}.Release|Any CPU.ActiveCfg = Release|Any CPU
		{228108A9-9DB0-23BB-88F6-EC5D22AEEA64}.Release|Any CPU.Build.0 = Release|Any CPU
		{A3329D9A-E54D-7F61-2984-A7F2FD96FC4B}.Debug|Any CPU.ActiveCfg = Debug|Any CPU
		{A3329D9A-E54D-7F61-2984-A7F2FD96FC4B}.Debug|Any CPU.Build.0 = Debug|Any CPU
		{A3329D9A-E54D-7F61-2984-A7F2FD96FC4B}.Release|Any CPU.ActiveCfg = Release|Any CPU
		{A3329D9A-E54D-7F61-2984-A7F2FD96FC4B}.Release|Any CPU.Build.0 = Release|Any CPU
		{751A8551-90FB-B4A2-70CF-4925CA78BA45}.Debug|Any CPU.ActiveCfg = Debug|Any CPU
		{751A8551-90FB-B4A2-70CF-4925CA78BA45}.Debug|Any CPU.Build.0 = Debug|Any CPU
		{751A8551-90FB-B4A2-70CF-4925CA78BA45}.Release|Any CPU.ActiveCfg = Release|Any CPU
		{751A8551-90FB-B4A2-70CF-4925CA78BA45}.Release|Any CPU.Build.0 = Release|Any CPU
		{A508F616-A6F0-32D7-D059-31A43252222F}.Debug|Any CPU.ActiveCfg = Debug|Any CPU
		{A508F616-A6F0-32D7-D059-31A43252222F}.Debug|Any CPU.Build.0 = Debug|Any CPU
		{A508F616-A6F0-32D7-D059-31A43252222F}.Release|Any CPU.ActiveCfg = Release|Any CPU
		{A508F616-A6F0-32D7-D059-31A43252222F}.Release|Any CPU.Build.0 = Release|Any CPU
	EndGlobalSection
	GlobalSection(SolutionProperties) = preSolution
		HideSolutionNode = FALSE
	EndGlobalSection
EndGlobal
